
Microsoft Visual Studio Solution File, Format Version 11.00
# Visual Studio 2010
Project("{8BC9CEB8-8B4A-11D0-8D11-00A0C91BC942}") = "RoadTest", "RoadTest.vcxproj", "{006B982D-39A3-0053-8AF2-503E49691A8E}"
EndProject
Global
	GlobalSection(SolutionConfigurationPlatforms) = preSolution
		Debug|Win32 = Debug|Win32
		Release|Win32 = Release|Win32
	EndGlobalSection
	GlobalSection(ProjectConfigurationPlatforms) = postSolution
		{006B982D-39A3-0053-8AF2-503E49691A8E}.Debug|Win32.ActiveCfg = Debug|Win32
		{006B982D-39A3-0053-8AF2-503E49691A8E}.Debug|Win32.Build.0 = Debug|Win32
		{006B982D-39A3-0053-8AF2-503E49691A8E}.Release|Win32.ActiveCfg = Release|Win32
		{006B982D-39A3-0053-8AF2-503E49691A8E}.Release|Win32.Build.0 = Release|Win32
	EndGlobalSection
	GlobalSection(SolutionProperties) = preSolution
		HideSolutionNode = FALSE
	EndGlobalSection
EndGlobal
